
Microsoft Visual Studio Solution File, Format Version 12.00
# Visual Studio Version 16
VisualStudioVersion = 16.0.31105.61
MinimumVisualStudioVersion = 10.0.40219.1
Project("{00D1A9C2-B5F0-4AF3-8072-F6C62B433612}") = "DemoDB", "DemoDB\DemoDB.sqlproj", "{B487228E-49E7-4B97-8FD9-044F6A7D5E5A}"
EndProject
Global
	GlobalSection(SolutionConfigurationPlatforms) = preSolution
		Debug|Any CPU = Debug|Any CPU
		Release|Any CPU = Release|Any CPU
	EndGlobalSection
	GlobalSection(ProjectConfigurationPlatforms) = postSolution
		{B487228E-49E7-4B97-8FD9-044F6A7D5E5A}.Debug|Any CPU.ActiveCfg = Debug|Any CPU
		{B487228E-49E7-4B97-8FD9-044F6A7D5E5A}.Debug|Any CPU.Build.0 = Debug|Any CPU
		{B487228E-49E7-4B97-8FD9-044F6A7D5E5A}.Debug|Any CPU.Deploy.0 = Debug|Any CPU
		{B487228E-49E7-4B97-8FD9-044F6A7D5E5A}.Release|Any CPU.ActiveCfg = Release|Any CPU
		{B487228E-49E7-4B97-8FD9-044F6A7D5E5A}.Release|Any CPU.Build.0 = Release|Any CPU
		{B487228E-49E7-4B97-8FD9-044F6A7D5E5A}.Release|Any CPU.Deploy.0 = Release|Any CPU
	EndGlobalSection
	GlobalSection(SolutionProperties) = preSolution
		HideSolutionNode = FALSE
	EndGlobalSection
	GlobalSection(ExtensibilityGlobals) = postSolution
		SolutionGuid = {33BF0047-734A-4C69-8AE1-DD1349BBBCE6}
	EndGlobalSection
EndGlobal
